{
  "originHash" : "4c9b845f0390608640eac41f075913749ad1d3ad03acaa2946fbce339dbd3bc2",
  "pins" : [
    {
      "identity" : "luaswift",
      "kind" : "remoteSourceControl",
      "location" : "https://github.com/tomsci/LuaSwift.git",
      "state" : {
        "revision" : "f5b1cf666d02a10b357c2a19c79e6e91247a88f4",
        "version" : "1.0.0"
      }
    }
  ],
  "version" : 3
}
